
Microsoft Visual Studio Solution File, Format Version 12.00
# Visual Studio Version 16
VisualStudioVersion = 16.0.30204.135
MinimumVisualStudioVersion = 10.0.40219.1
Project("{FAE04EC0-301F-11D3-BF4B-00C04F79EFBC}") = "SpellChecker", "SpellChecker.csproj", "{88BE4452-8056-4D1D-9E0D-9404E524F210}"
EndProject
Global
	GlobalSection(SolutionConfigurationPlatforms) = preSolution
		Debug|Any CPU = Debug|Any CPU
		Release|Any CPU = Release|Any CPU
	EndGlobalSection
	GlobalSection(ProjectConfigurationPlatforms) = postSolution
		{88BE4452-8056-4D1D-9E0D-9404E524F210}.Debug|Any CPU.ActiveCfg = Debug|Any CPU
		{88BE4452-8056-4D1D-9E0D-9404E524F210}.Debug|Any CPU.Build.0 = Debug|Any CPU
		{88BE4452-8056-4D1D-9E0D-9404E524F210}.Release|Any CPU.ActiveCfg = Release|Any CPU
		{88BE4452-8056-4D1D-9E0D-9404E524F210}.Release|Any CPU.Build.0 = Release|Any CPU
	EndGlobalSection
	GlobalSection(SolutionProperties) = preSolution
		HideSolutionNode = FALSE
	EndGlobalSection
	GlobalSection(ExtensibilityGlobals) = postSolution
		SolutionGuid = {A0CBB34E-A7BC-49E1-9239-3AD41591A933}
	EndGlobalSection
EndGlobal
